
Microsoft Visual Studio Solution File, Format Version 12.00
# Visual Studio Version 16
VisualStudioVersion = 16.0.29318.209
MinimumVisualStudioVersion = 10.0.40219.1
Project("{FAE04EC0-301F-11D3-BF4B-00C04F79EFBC}") = "Algorithm", "Algorithm.csproj", "{29ED62B7-059B-49DC-8708-038410627AD4}"
EndProject
Global
	GlobalSection(SolutionConfigurationPlatforms) = preSolution
		Debug|Any CPU = Debug|Any CPU
		Release|Any CPU = Release|Any CPU
	EndGlobalSection
	GlobalSection(ProjectConfigurationPlatforms) = postSolution
		{29ED62B7-059B-49DC-8708-038410627AD4}.Debug|Any CPU.ActiveCfg = Debug|Any CPU
		{29ED62B7-059B-49DC-8708-038410627AD4}.Debug|Any CPU.Build.0 = Debug|Any CPU
		{29ED62B7-059B-49DC-8708-038410627AD4}.Release|Any CPU.ActiveCfg = Release|Any CPU
		{29ED62B7-059B-49DC-8708-038410627AD4}.Release|Any CPU.Build.0 = Release|Any CPU
	EndGlobalSection
	GlobalSection(SolutionProperties) = preSolution
		HideSolutionNode = FALSE
	EndGlobalSection
	GlobalSection(ExtensibilityGlobals) = postSolution
		SolutionGuid = {0628D213-725F-427B-A8F3-A23544CDD5B7}
	EndGlobalSection
EndGlobal
