
Microsoft Visual Studio Solution File, Format Version 12.00
# Visual Studio Version 16
VisualStudioVersion = 16.0.29318.209
MinimumVisualStudioVersion = 10.0.40219.1
Project("{FAE04EC0-301F-11D3-BF4B-00C04F79EFBC}") = "DesignPattern", "DesignPattern.csproj", "{BFD44005-D9D6-44EB-8D8E-17AD4C012EE5}"
EndProject
Global
	GlobalSection(SolutionConfigurationPlatforms) = preSolution
		Debug|Any CPU = Debug|Any CPU
		Release|Any CPU = Release|Any CPU
	EndGlobalSection
	GlobalSection(ProjectConfigurationPlatforms) = postSolution
		{BFD44005-D9D6-44EB-8D8E-17AD4C012EE5}.Debug|Any CPU.ActiveCfg = Debug|Any CPU
		{BFD44005-D9D6-44EB-8D8E-17AD4C012EE5}.Debug|Any CPU.Build.0 = Debug|Any CPU
		{BFD44005-D9D6-44EB-8D8E-17AD4C012EE5}.Release|Any CPU.ActiveCfg = Release|Any CPU
		{BFD44005-D9D6-44EB-8D8E-17AD4C012EE5}.Release|Any CPU.Build.0 = Release|Any CPU
	EndGlobalSection
	GlobalSection(SolutionProperties) = preSolution
		HideSolutionNode = FALSE
	EndGlobalSection
	GlobalSection(ExtensibilityGlobals) = postSolution
		SolutionGuid = {88081057-3199-4E06-A36E-327D3AFA706F}
	EndGlobalSection
EndGlobal
