
Microsoft Visual Studio Solution File, Format Version 12.00
# Visual Studio Version 16
VisualStudioVersion = 16.0.29318.209
MinimumVisualStudioVersion = 10.0.40219.1
Project("{FAE04EC0-301F-11D3-BF4B-00C04F79EFBC}") = "OOPS", "OOPS.csproj", "{6F779B55-1573-4E14-A8B8-1400C9C20993}"
EndProject
Global
	GlobalSection(SolutionConfigurationPlatforms) = preSolution
		Debug|Any CPU = Debug|Any CPU
		Release|Any CPU = Release|Any CPU
	EndGlobalSection
	GlobalSection(ProjectConfigurationPlatforms) = postSolution
		{6F779B55-1573-4E14-A8B8-1400C9C20993}.Debug|Any CPU.ActiveCfg = Debug|Any CPU
		{6F779B55-1573-4E14-A8B8-1400C9C20993}.Debug|Any CPU.Build.0 = Debug|Any CPU
		{6F779B55-1573-4E14-A8B8-1400C9C20993}.Release|Any CPU.ActiveCfg = Release|Any CPU
		{6F779B55-1573-4E14-A8B8-1400C9C20993}.Release|Any CPU.Build.0 = Release|Any CPU
	EndGlobalSection
	GlobalSection(SolutionProperties) = preSolution
		HideSolutionNode = FALSE
	EndGlobalSection
	GlobalSection(ExtensibilityGlobals) = postSolution
		SolutionGuid = {F0CEF8AC-46A3-4C15-81F0-66DBAB282123}
	EndGlobalSection
EndGlobal
