
Microsoft Visual Studio Solution File, Format Version 12.00
# Visual Studio Version 16
VisualStudioVersion = 16.0.29503.13
MinimumVisualStudioVersion = 10.0.40219.1
Project("{FAE04EC0-301F-11D3-BF4B-00C04F79EFBC}") = "Employeeclient", "Employeeclient.csproj", "{FA6D9F4D-E01F-4C53-BEE1-F71276EA7CC4}"
EndProject
Global
	GlobalSection(SolutionConfigurationPlatforms) = preSolution
		Debug|Any CPU = Debug|Any CPU
		Release|Any CPU = Release|Any CPU
	EndGlobalSection
	GlobalSection(ProjectConfigurationPlatforms) = postSolution
		{FA6D9F4D-E01F-4C53-BEE1-F71276EA7CC4}.Debug|Any CPU.ActiveCfg = Debug|Any CPU
		{FA6D9F4D-E01F-4C53-BEE1-F71276EA7CC4}.Debug|Any CPU.Build.0 = Debug|Any CPU
		{FA6D9F4D-E01F-4C53-BEE1-F71276EA7CC4}.Release|Any CPU.ActiveCfg = Release|Any CPU
		{FA6D9F4D-E01F-4C53-BEE1-F71276EA7CC4}.Release|Any CPU.Build.0 = Release|Any CPU
	EndGlobalSection
	GlobalSection(SolutionProperties) = preSolution
		HideSolutionNode = FALSE
	EndGlobalSection
	GlobalSection(ExtensibilityGlobals) = postSolution
		SolutionGuid = {55BB4B36-5C32-4D4E-A148-A1B66A52ECBC}
	EndGlobalSection
EndGlobal
